
Microsoft Visual Studio Solution File, Format Version 12.00
# Visual Studio 15
VisualStudioVersion = 15.0.28307.136
MinimumVisualStudioVersion = 10.0.40219.1
Project("{FAE04EC0-301F-11D3-BF4B-00C04F79EFBC}") = "ValueRef", "ValueRef\ValueRef.csproj", "{25CB37FD-FFE9-4CAF-BA21-A682E3FBC0CA}"
EndProject
Project("{FAE04EC0-301F-11D3-BF4B-00C04F79EFBC}") = "ValueRef2", "ValueRef2\ValueRef2.csproj", "{31FC2D26-42A1-4F01-908D-F902D65FA848}"
EndProject
Project("{FAE04EC0-301F-11D3-BF4B-00C04F79EFBC}") = "EstruturasCSharp", "EstruturasCSharp\EstruturasCSharp.csproj", "{BAA15BFF-9DD8-4459-A318-FA3A7E9F4CCE}"
EndProject
Project("{FAE04EC0-301F-11D3-BF4B-00C04F79EFBC}") = "GetSet", "GetSet\GetSet.csproj", "{5C23D0E0-9D50-433F-A1C4-8DD1B85D8A81}"
EndProject
Project("{FAE04EC0-301F-11D3-BF4B-00C04F79EFBC}") = "Propriedades", "Propriedades\Propriedades.csproj", "{560A6540-F53D-492A-8016-9A2DE8144D58}"
EndProject
Project("{FAE04EC0-301F-11D3-BF4B-00C04F79EFBC}") = "PropriedadesAutomaticas", "PropriedadesAutomaticas\PropriedadesAutomaticas.csproj", "{DEAC5F8B-AB39-4548-881C-439C3D3964CB}"
EndProject
Project("{FAE04EC0-301F-11D3-BF4B-00C04F79EFBC}") = "ObjectInitializers", "ObjectInitializers\ObjectInitializers.csproj", "{879C70F5-58AF-4B02-89B7-04718CAD5B86}"
EndProject
Project("{FAE04EC0-301F-11D3-BF4B-00C04F79EFBC}") = "DiferencaDiagonal", "DiferencaDiagonal\DiferencaDiagonal.csproj", "{84DF53F3-AEB9-4AF1-AE8A-6C2922F46BF1}"
EndProject
Project("{FAE04EC0-301F-11D3-BF4B-00C04F79EFBC}") = "SomaDeNumerosGrandes", "SomaDeNumerosGrandes\SomaDeNumerosGrandes.csproj", "{A91E954F-D424-4629-9449-43A63E287C0A}"
EndProject
Project("{FAE04EC0-301F-11D3-BF4B-00C04F79EFBC}") = "TypeInference_Dynamic", "TypeInference_Dynamic\TypeInference_Dynamic.csproj", "{B626D395-E417-4470-81DB-37876CC261CB}"
EndProject
Project("{FAE04EC0-301F-11D3-BF4B-00C04F79EFBC}") = "PlusMinus", "PlusMinus\PlusMinus.csproj", "{54E84C28-8F63-4B43-BD45-CA81EC328246}"
EndProject
Project("{FAE04EC0-301F-11D3-BF4B-00C04F79EFBC}") = "Staircase", "Staircase\Staircase.csproj", "{1DD6FC57-96A1-4B8E-BDF4-26643DB02402}"
EndProject
Project("{FAE04EC0-301F-11D3-BF4B-00C04F79EFBC}") = "ClassesEstaticas", "ClassesEstaticas\ClassesEstaticas.csproj", "{9C121369-55FB-4215-9A0E-D0F45213B89C}"
EndProject
Project("{FAE04EC0-301F-11D3-BF4B-00C04F79EFBC}") = "ClassesExtensao", "ClassesExtensao\ClassesExtensao.csproj", "{BA7161D8-1E2F-4EDD-945D-C9D435637C6F}"
EndProject
Project("{FAE04EC0-301F-11D3-BF4B-00C04F79EFBC}") = "ClassesParciais", "ClassesParciais\ClassesParciais.csproj", "{DF98211D-1F94-47C8-ABB3-B8BC25B742F7}"
EndProject
Project("{FAE04EC0-301F-11D3-BF4B-00C04F79EFBC}") = "WindowsFormsApp1", "WindowsFormsApp1\WindowsFormsApp1.csproj", "{2F13DE77-7A76-4019-AF0A-7985B73C79E2}"
EndProject
Project("{FAE04EC0-301F-11D3-BF4B-00C04F79EFBC}") = "ClassesGenericas", "ClassesGenericas\ClassesGenericas.csproj", "{94E808EB-0F4F-4CAE-920C-A72D33539ACF}"
EndProject
Project("{FAE04EC0-301F-11D3-BF4B-00C04F79EFBC}") = "ParametrosNomeados", "ParametrosNomeados\ParametrosNomeados.csproj", "{28243452-0F7C-41DB-8AD1-368686BB9840}"
EndProject
Project("{FAE04EC0-301F-11D3-BF4B-00C04F79EFBC}") = "ParametrosOpcionais", "ParametrosOpcionais\ParametrosOpcionais.csproj", "{1CBDC905-52C7-4C9A-9A60-0556D4614415}"
EndProject
Project("{FAE04EC0-301F-11D3-BF4B-00C04F79EFBC}") = "ParametrosSobrecarga", "ParametrosSobrecarga\ParametrosSobrecarga.csproj", "{E066ACDB-4E3E-4DEF-980B-D4201569134B}"
EndProject
Project("{FAE04EC0-301F-11D3-BF4B-00C04F79EFBC}") = "PropriedadesIndexadas", "PropriedadesIndexadas\PropriedadesIndexadas.csproj", "{297B8838-65C8-44AD-9527-32014B9B3091}"
EndProject
Project("{FAE04EC0-301F-11D3-BF4B-00C04F79EFBC}") = "Desafios", "Desafios\Desafios.csproj", "{EAB09932-746C-4D40-8A95-87086E24D7F8}"
EndProject
Project("{FAE04EC0-301F-11D3-BF4B-00C04F79EFBC}") = "SobrecargaMetodosOverride", "SobrecargaMetodosOverride\SobrecargaMetodosOverride.csproj", "{07B5C1F5-412F-45F9-81DC-8F2DB9E676DD}"
EndProject
Project("{FAE04EC0-301F-11D3-BF4B-00C04F79EFBC}") = "EstruturasDeDados", "EstruturasDeDados\EstruturasDeDados.csproj", "{18983D45-AA3B-4413-857F-93A97292BB62}"
EndProject
Project("{FAE04EC0-301F-11D3-BF4B-00C04F79EFBC}") = "ProvaRevelo", "ProvaRevelo\ProvaRevelo.csproj", "{22F7C82B-DDBE-4086-B6FB-7E17329B0CCF}"
EndProject
Project("{FAE04EC0-301F-11D3-BF4B-00C04F79EFBC}") = "Delegate", "Delegate\Delegate.csproj", "{D65F4ADF-D15B-410B-B047-79905C2208D0}"
EndProject
Project("{FAE04EC0-301F-11D3-BF4B-00C04F79EFBC}") = "Eventos", "Eventos\Eventos.csproj", "{C5CFCBD5-2A05-4840-B69D-50BE60A71BC8}"
EndProject
Project("{FAE04EC0-301F-11D3-BF4B-00C04F79EFBC}") = "EventosRunTime", "EventosRunTime\EventosRunTime.csproj", "{C32D1AA1-E2D5-426D-A9A6-1BBC8E5F1DD6}"
EndProject
Project("{FAE04EC0-301F-11D3-BF4B-00C04F79EFBC}") = "DelegateAction", "DelegateAction\DelegateAction.csproj", "{D16EC804-1732-43EB-A9D3-46D1BB04D623}"
EndProject
Project("{FAE04EC0-301F-11D3-BF4B-00C04F79EFBC}") = "DelegatePredicate", "DelegatePredicate\DelegatePredicate.csproj", "{D014D6C8-A2EF-4E32-84D4-9EF104AE258A}"
EndProject
Project("{FAE04EC0-301F-11D3-BF4B-00C04F79EFBC}") = "DelegateFunc", "DelegateFunc\DelegateFunc.csproj", "{C6532BEC-B667-4EC4-99CD-D6E30B073C92}"
EndProject
Project("{FAE04EC0-301F-11D3-BF4B-00C04F79EFBC}") = "Excecoes", "Excecoes\Excecoes.csproj", "{F6CE7D4E-8C92-44AB-9B11-1156BC33BCA7}"
EndProject
Project("{FAE04EC0-301F-11D3-BF4B-00C04F79EFBC}") = "ProcessamentoAssincrono", "ProcessamentoAssincrono\ProcessamentoAssincrono.csproj", "{CEF76201-24E1-424F-A9B2-7E64F153BF42}"
EndProject
Project("{FAE04EC0-301F-11D3-BF4B-00C04F79EFBC}") = "Reflexao", "Reflexao\Reflexao.csproj", "{1F11D0E4-4BBA-4213-B4AA-75CD684D719F}"
EndProject
Project("{FAE04EC0-301F-11D3-BF4B-00C04F79EFBC}") = "Reflexao2", "Reflexao2\Reflexao2.csproj", "{52E3E0F3-C2E0-450C-BCFC-8D1FAF5CECC5}"
EndProject
Project("{FAE04EC0-301F-11D3-BF4B-00C04F79EFBC}") = "ProjetoStringBuilder", "StringBuilder\ProjetoStringBuilder.csproj", "{00E4616C-F7C6-4575-AF70-74CD60B64506}"
EndProject
Project("{FAE04EC0-301F-11D3-BF4B-00C04F79EFBC}") = "ProjetoStringWindowsForms", "ProjetoStringWindowsForms\ProjetoStringWindowsForms.csproj", "{ADAC6FA7-5BF2-4592-9269-E8E1725A05D5}"
EndProject
Project("{FAE04EC0-301F-11D3-BF4B-00C04F79EFBC}") = "ExemploIO", "ExemploIO\ExemploIO.csproj", "{BC62E494-687E-44FF-857A-31D8E6772ED3}"
EndProject
Project("{FAE04EC0-301F-11D3-BF4B-00C04F79EFBC}") = "DevZip", "DevZip\DevZip.csproj", "{50C7CEDE-2A14-4854-89FF-E2D502D5EEA2}"
EndProject
Project("{FAE04EC0-301F-11D3-BF4B-00C04F79EFBC}") = "DevNotePad", "DevNotePad\DevNotePad.csproj", "{AB826FE4-6EEB-4944-BE40-64D2EA2BFA2D}"
EndProject
Project("{FAE04EC0-301F-11D3-BF4B-00C04F79EFBC}") = "FileInformation", "FileInformation\FileInformation.csproj", "{3B64F80E-EA8C-4D51-8457-A3FBBEEAA097}"
EndProject
Project("{FAE04EC0-301F-11D3-BF4B-00C04F79EFBC}") = "ConsoleAppDebug", "ConsoleAppDebug\ConsoleAppDebug.csproj", "{BD39CA15-A11B-4DCC-9AF1-871F7A88788E}"
EndProject
Project("{FAE04EC0-301F-11D3-BF4B-00C04F79EFBC}") = "Interfaces", "Interfaces\Interfaces.csproj", "{0872ABCC-6FC9-4CC8-8FC3-4ACFE2460D6D}"
EndProject
Project("{FAE04EC0-301F-11D3-BF4B-00C04F79EFBC}") = "InterfacesClassesAbstratas", "InterfacesClassesAbstratas\InterfacesClassesAbstratas.csproj", "{64CF1C38-368F-42B7-AEC9-DDAB47728048}"
EndProject
Project("{FAE04EC0-301F-11D3-BF4B-00C04F79EFBC}") = "NInterfaces", "NInterfaces\NInterfaces.csproj", "{22A6F04A-6735-4A83-A3F6-8CDF95BB236B}"
EndProject
Project("{FAE04EC0-301F-11D3-BF4B-00C04F79EFBC}") = "InterfacesIDisposable", "InterfacesIDisposable\InterfacesIDisposable.csproj", "{001B02E3-A278-4ECE-9960-4202D22D4AA4}"
EndProject
Project("{FAE04EC0-301F-11D3-BF4B-00C04F79EFBC}") = "InterfaceIEnumerable", "InterfaceIEnumerable\InterfaceIEnumerable.csproj", "{A2658CB6-6F91-458D-8E46-1B4B922DA684}"
EndProject
Project("{FAE04EC0-301F-11D3-BF4B-00C04F79EFBC}") = "ArrayListApp", "ArrayListApp\ArrayListApp.csproj", "{27786B9F-68F2-4F79-A15A-9DB5AB0F28A6}"
EndProject
Project("{FAE04EC0-301F-11D3-BF4B-00C04F79EFBC}") = "ListT", "ListT\ListT.csproj", "{C56CFB6B-B834-47BA-B2C4-F34866861C3E}"
EndProject
Project("{FAE04EC0-301F-11D3-BF4B-00C04F79EFBC}") = "HashTable", "HashTable\HashTable.csproj", "{94E80CCF-F309-45B6-B2AE-7ED7AE21D769}"
EndProject
Project("{FAE04EC0-301F-11D3-BF4B-00C04F79EFBC}") = "Dictionary", "Dictionary\Dictionary.csproj", "{92A3C0FB-6BDE-4F19-BD42-49F81CF9FD47}"
EndProject
Project("{FAE04EC0-301F-11D3-BF4B-00C04F79EFBC}") = "Pilha", "Pilha\Pilha.csproj", "{7ADC9C16-50A0-492E-B060-3D3535AA494D}"
EndProject
Project("{FAE04EC0-301F-11D3-BF4B-00C04F79EFBC}") = "Queue", "Queue\Queue.csproj", "{192FD0D1-C742-44BB-B39F-B924D722ED19}"
EndProject
Project("{FAE04EC0-301F-11D3-BF4B-00C04F79EFBC}") = "TypeCasting", "TypeCasting\TypeCasting.csproj", "{15BDBA01-B3A8-4BAA-B37A-511E177547EA}"
EndProject
Project("{FAE04EC0-301F-11D3-BF4B-00C04F79EFBC}") = "Linq", "Linq\Linq.csproj", "{5BFBEFE0-C6D2-4C38-A228-DE0F6DE87357}"
EndProject
Project("{FAE04EC0-301F-11D3-BF4B-00C04F79EFBC}") = "SOLID", "SOLID\SOLID.csproj", "{E76837C3-55E7-4E3C-9A3E-A439211C3CD4}"
EndProject
Global
	GlobalSection(SolutionConfigurationPlatforms) = preSolution
		Debug|Any CPU = Debug|Any CPU
		Release|Any CPU = Release|Any CPU
	EndGlobalSection
	GlobalSection(ProjectConfigurationPlatforms) = postSolution
		{25CB37FD-FFE9-4CAF-BA21-A682E3FBC0CA}.Debug|Any CPU.ActiveCfg = Debug|Any CPU
		{25CB37FD-FFE9-4CAF-BA21-A682E3FBC0CA}.Debug|Any CPU.Build.0 = Debug|Any CPU
		{25CB37FD-FFE9-4CAF-BA21-A682E3FBC0CA}.Release|Any CPU.ActiveCfg = Release|Any CPU
		{25CB37FD-FFE9-4CAF-BA21-A682E3FBC0CA}.Release|Any CPU.Build.0 = Release|Any CPU
		{31FC2D26-42A1-4F01-908D-F902D65FA848}.Debug|Any CPU.ActiveCfg = Debug|Any CPU
		{31FC2D26-42A1-4F01-908D-F902D65FA848}.Debug|Any CPU.Build.0 = Debug|Any CPU
		{31FC2D26-42A1-4F01-908D-F902D65FA848}.Release|Any CPU.ActiveCfg = Release|Any CPU
		{31FC2D26-42A1-4F01-908D-F902D65FA848}.Release|Any CPU.Build.0 = Release|Any CPU
		{BAA15BFF-9DD8-4459-A318-FA3A7E9F4CCE}.Debug|Any CPU.ActiveCfg = Debug|Any CPU
		{BAA15BFF-9DD8-4459-A318-FA3A7E9F4CCE}.Debug|Any CPU.Build.0 = Debug|Any CPU
		{BAA15BFF-9DD8-4459-A318-FA3A7E9F4CCE}.Release|Any CPU.ActiveCfg = Release|Any CPU
		{BAA15BFF-9DD8-4459-A318-FA3A7E9F4CCE}.Release|Any CPU.Build.0 = Release|Any CPU
		{5C23D0E0-9D50-433F-A1C4-8DD1B85D8A81}.Debug|Any CPU.ActiveCfg = Debug|Any CPU
		{5C23D0E0-9D50-433F-A1C4-8DD1B85D8A81}.Debug|Any CPU.Build.0 = Debug|Any CPU
		{5C23D0E0-9D50-433F-A1C4-8DD1B85D8A81}.Release|Any CPU.ActiveCfg = Release|Any CPU
		{5C23D0E0-9D50-433F-A1C4-8DD1B85D8A81}.Release|Any CPU.Build.0 = Release|Any CPU
		{560A6540-F53D-492A-8016-9A2DE8144D58}.Debug|Any CPU.ActiveCfg = Debug|Any CPU
		{560A6540-F53D-492A-8016-9A2DE8144D58}.Debug|Any CPU.Build.0 = Debug|Any CPU
		{560A6540-F53D-492A-8016-9A2DE8144D58}.Release|Any CPU.ActiveCfg = Release|Any CPU
		{560A6540-F53D-492A-8016-9A2DE8144D58}.Release|Any CPU.Build.0 = Release|Any CPU
		{DEAC5F8B-AB39-4548-881C-439C3D3964CB}.Debug|Any CPU.ActiveCfg = Debug|Any CPU
		{DEAC5F8B-AB39-4548-881C-439C3D3964CB}.Debug|Any CPU.Build.0 = Debug|Any CPU
		{DEAC5F8B-AB39-4548-881C-439C3D3964CB}.Release|Any CPU.ActiveCfg = Release|Any CPU
		{DEAC5F8B-AB39-4548-881C-439C3D3964CB}.Release|Any CPU.Build.0 = Release|Any CPU
		{879C70F5-58AF-4B02-89B7-04718CAD5B86}.Debug|Any CPU.ActiveCfg = Debug|Any CPU
		{879C70F5-58AF-4B02-89B7-04718CAD5B86}.Debug|Any CPU.Build.0 = Debug|Any CPU
		{879C70F5-58AF-4B02-89B7-04718CAD5B86}.Release|Any CPU.ActiveCfg = Release|Any CPU
		{879C70F5-58AF-4B02-89B7-04718CAD5B86}.Release|Any CPU.Build.0 = Release|Any CPU
		{84DF53F3-AEB9-4AF1-AE8A-6C2922F46BF1}.Debug|Any CPU.ActiveCfg = Debug|Any CPU
		{84DF53F3-AEB9-4AF1-AE8A-6C2922F46BF1}.Debug|Any CPU.Build.0 = Debug|Any CPU
		{84DF53F3-AEB9-4AF1-AE8A-6C2922F46BF1}.Release|Any CPU.ActiveCfg = Release|Any CPU
		{84DF53F3-AEB9-4AF1-AE8A-6C2922F46BF1}.Release|Any CPU.Build.0 = Release|Any CPU
		{A91E954F-D424-4629-9449-43A63E287C0A}.Debug|Any CPU.ActiveCfg = Debug|Any CPU
		{A91E954F-D424-4629-9449-43A63E287C0A}.Debug|Any CPU.Build.0 = Debug|Any CPU
		{A91E954F-D424-4629-9449-43A63E287C0A}.Release|Any CPU.ActiveCfg = Release|Any CPU
		{A91E954F-D424-4629-9449-43A63E287C0A}.Release|Any CPU.Build.0 = Release|Any CPU
		{B626D395-E417-4470-81DB-37876CC261CB}.Debug|Any CPU.ActiveCfg = Debug|Any CPU
		{B626D395-E417-4470-81DB-37876CC261CB}.Debug|Any CPU.Build.0 = Debug|Any CPU
		{B626D395-E417-4470-81DB-37876CC261CB}.Release|Any CPU.ActiveCfg = Release|Any CPU
		{B626D395-E417-4470-81DB-37876CC261CB}.Release|Any CPU.Build.0 = Release|Any CPU
		{54E84C28-8F63-4B43-BD45-CA81EC328246}.Debug|Any CPU.ActiveCfg = Debug|Any CPU
		{54E84C28-8F63-4B43-BD45-CA81EC328246}.Debug|Any CPU.Build.0 = Debug|Any CPU
		{54E84C28-8F63-4B43-BD45-CA81EC328246}.Release|Any CPU.ActiveCfg = Release|Any CPU
		{54E84C28-8F63-4B43-BD45-CA81EC328246}.Release|Any CPU.Build.0 = Release|Any CPU
		{1DD6FC57-96A1-4B8E-BDF4-26643DB02402}.Debug|Any CPU.ActiveCfg = Debug|Any CPU
		{1DD6FC57-96A1-4B8E-BDF4-26643DB02402}.Debug|Any CPU.Build.0 = Debug|Any CPU
		{1DD6FC57-96A1-4B8E-BDF4-26643DB02402}.Release|Any CPU.ActiveCfg = Release|Any CPU
		{1DD6FC57-96A1-4B8E-BDF4-26643DB02402}.Release|Any CPU.Build.0 = Release|Any CPU
		{9C121369-55FB-4215-9A0E-D0F45213B89C}.Debug|Any CPU.ActiveCfg = Debug|Any CPU
		{9C121369-55FB-4215-9A0E-D0F45213B89C}.Debug|Any CPU.Build.0 = Debug|Any CPU
		{9C121369-55FB-4215-9A0E-D0F45213B89C}.Release|Any CPU.ActiveCfg = Release|Any CPU
		{9C121369-55FB-4215-9A0E-D0F45213B89C}.Release|Any CPU.Build.0 = Release|Any CPU
		{BA7161D8-1E2F-4EDD-945D-C9D435637C6F}.Debug|Any CPU.ActiveCfg = Debug|Any CPU
		{BA7161D8-1E2F-4EDD-945D-C9D435637C6F}.Debug|Any CPU.Build.0 = Debug|Any CPU
		{BA7161D8-1E2F-4EDD-945D-C9D435637C6F}.Release|Any CPU.ActiveCfg = Release|Any CPU
		{BA7161D8-1E2F-4EDD-945D-C9D435637C6F}.Release|Any CPU.Build.0 = Release|Any CPU
		{DF98211D-1F94-47C8-ABB3-B8BC25B742F7}.Debug|Any CPU.ActiveCfg = Debug|Any CPU
		{DF98211D-1F94-47C8-ABB3-B8BC25B742F7}.Debug|Any CPU.Build.0 = Debug|Any CPU
		{DF98211D-1F94-47C8-ABB3-B8BC25B742F7}.Release|Any CPU.ActiveCfg = Release|Any CPU
		{DF98211D-1F94-47C8-ABB3-B8BC25B742F7}.Release|Any CPU.Build.0 = Release|Any CPU
		{2F13DE77-7A76-4019-AF0A-7985B73C79E2}.Debug|Any CPU.ActiveCfg = Debug|Any CPU
		{2F13DE77-7A76-4019-AF0A-7985B73C79E2}.Debug|Any CPU.Build.0 = Debug|Any CPU
		{2F13DE77-7A76-4019-AF0A-7985B73C79E2}.Release|Any CPU.ActiveCfg = Release|Any CPU
		{2F13DE77-7A76-4019-AF0A-7985B73C79E2}.Release|Any CPU.Build.0 = Release|Any CPU
		{94E808EB-0F4F-4CAE-920C-A72D33539ACF}.Debug|Any CPU.ActiveCfg = Debug|Any CPU
		{94E808EB-0F4F-4CAE-920C-A72D33539ACF}.Debug|Any CPU.Build.0 = Debug|Any CPU
		{94E808EB-0F4F-4CAE-920C-A72D33539ACF}.Release|Any CPU.ActiveCfg = Release|Any CPU
		{94E808EB-0F4F-4CAE-920C-A72D33539ACF}.Release|Any CPU.Build.0 = Release|Any CPU
		{28243452-0F7C-41DB-8AD1-368686BB9840}.Debug|Any CPU.ActiveCfg = Debug|Any CPU
		{28243452-0F7C-41DB-8AD1-368686BB9840}.Debug|Any CPU.Build.0 = Debug|Any CPU
		{28243452-0F7C-41DB-8AD1-368686BB9840}.Release|Any CPU.ActiveCfg = Release|Any CPU
		{28243452-0F7C-41DB-8AD1-368686BB9840}.Release|Any CPU.Build.0 = Release|Any CPU
		{1CBDC905-52C7-4C9A-9A60-0556D4614415}.Debug|Any CPU.ActiveCfg = Debug|Any CPU
		{1CBDC905-52C7-4C9A-9A60-0556D4614415}.Debug|Any CPU.Build.0 = Debug|Any CPU
		{1CBDC905-52C7-4C9A-9A60-0556D4614415}.Release|Any CPU.ActiveCfg = Release|Any CPU
		{1CBDC905-52C7-4C9A-9A60-0556D4614415}.Release|Any CPU.Build.0 = Release|Any CPU
		{E066ACDB-4E3E-4DEF-980B-D4201569134B}.Debug|Any CPU.ActiveCfg = Debug|Any CPU
		{E066ACDB-4E3E-4DEF-980B-D4201569134B}.Debug|Any CPU.Build.0 = Debug|Any CPU
		{E066ACDB-4E3E-4DEF-980B-D4201569134B}.Release|Any CPU.ActiveCfg = Release|Any CPU
		{E066ACDB-4E3E-4DEF-980B-D4201569134B}.Release|Any CPU.Build.0 = Release|Any CPU
		{297B8838-65C8-44AD-9527-32014B9B3091}.Debug|Any CPU.ActiveCfg = Debug|Any CPU
		{297B8838-65C8-44AD-9527-32014B9B3091}.Debug|Any CPU.Build.0 = Debug|Any CPU
		{297B8838-65C8-44AD-9527-32014B9B3091}.Release|Any CPU.ActiveCfg = Release|Any CPU
		{297B8838-65C8-44AD-9527-32014B9B3091}.Release|Any CPU.Build.0 = Release|Any CPU
		{EAB09932-746C-4D40-8A95-87086E24D7F8}.Debug|Any CPU.ActiveCfg = Debug|Any CPU
		{EAB09932-746C-4D40-8A95-87086E24D7F8}.Debug|Any CPU.Build.0 = Debug|Any CPU
		{EAB09932-746C-4D40-8A95-87086E24D7F8}.Release|Any CPU.ActiveCfg = Release|Any CPU
		{EAB09932-746C-4D40-8A95-87086E24D7F8}.Release|Any CPU.Build.0 = Release|Any CPU
		{07B5C1F5-412F-45F9-81DC-8F2DB9E676DD}.Debug|Any CPU.ActiveCfg = Debug|Any CPU
		{07B5C1F5-412F-45F9-81DC-8F2DB9E676DD}.Debug|Any CPU.Build.0 = Debug|Any CPU
		{07B5C1F5-412F-45F9-81DC-8F2DB9E676DD}.Release|Any CPU.ActiveCfg = Release|Any CPU
		{07B5C1F5-412F-45F9-81DC-8F2DB9E676DD}.Release|Any CPU.Build.0 = Release|Any CPU
		{18983D45-AA3B-4413-857F-93A97292BB62}.Debug|Any CPU.ActiveCfg = Debug|Any CPU
		{18983D45-AA3B-4413-857F-93A97292BB62}.Debug|Any CPU.Build.0 = Debug|Any CPU
		{18983D45-AA3B-4413-857F-93A97292BB62}.Release|Any CPU.ActiveCfg = Release|Any CPU
		{18983D45-AA3B-4413-857F-93A97292BB62}.Release|Any CPU.Build.0 = Release|Any CPU
		{22F7C82B-DDBE-4086-B6FB-7E17329B0CCF}.Debug|Any CPU.ActiveCfg = Debug|Any CPU
		{22F7C82B-DDBE-4086-B6FB-7E17329B0CCF}.Debug|Any CPU.Build.0 = Debug|Any CPU
		{22F7C82B-DDBE-4086-B6FB-7E17329B0CCF}.Release|Any CPU.ActiveCfg = Release|Any CPU
		{22F7C82B-DDBE-4086-B6FB-7E17329B0CCF}.Release|Any CPU.Build.0 = Release|Any CPU
		{D65F4ADF-D15B-410B-B047-79905C2208D0}.Debug|Any CPU.ActiveCfg = Debug|Any CPU
		{D65F4ADF-D15B-410B-B047-79905C2208D0}.Debug|Any CPU.Build.0 = Debug|Any CPU
		{D65F4ADF-D15B-410B-B047-79905C2208D0}.Release|Any CPU.ActiveCfg = Release|Any CPU
		{D65F4ADF-D15B-410B-B047-79905C2208D0}.Release|Any CPU.Build.0 = Release|Any CPU
		{C5CFCBD5-2A05-4840-B69D-50BE60A71BC8}.Debug|Any CPU.ActiveCfg = Debug|Any CPU
		{C5CFCBD5-2A05-4840-B69D-50BE60A71BC8}.Debug|Any CPU.Build.0 = Debug|Any CPU
		{C5CFCBD5-2A05-4840-B69D-50BE60A71BC8}.Release|Any CPU.ActiveCfg = Release|Any CPU
		{C5CFCBD5-2A05-4840-B69D-50BE60A71BC8}.Release|Any CPU.Build.0 = Release|Any CPU
		{C32D1AA1-E2D5-426D-A9A6-1BBC8E5F1DD6}.Debug|Any CPU.ActiveCfg = Debug|Any CPU
		{C32D1AA1-E2D5-426D-A9A6-1BBC8E5F1DD6}.Debug|Any CPU.Build.0 = Debug|Any CPU
		{C32D1AA1-E2D5-426D-A9A6-1BBC8E5F1DD6}.Release|Any CPU.ActiveCfg = Release|Any CPU
		{C32D1AA1-E2D5-426D-A9A6-1BBC8E5F1DD6}.Release|Any CPU.Build.0 = Release|Any CPU
		{D16EC804-1732-43EB-A9D3-46D1BB04D623}.Debug|Any CPU.ActiveCfg = Debug|Any CPU
		{D16EC804-1732-43EB-A9D3-46D1BB04D623}.Debug|Any CPU.Build.0 = Debug|Any CPU
		{D16EC804-1732-43EB-A9D3-46D1BB04D623}.Release|Any CPU.ActiveCfg = Release|Any CPU
		{D16EC804-1732-43EB-A9D3-46D1BB04D623}.Release|Any CPU.Build.0 = Release|Any CPU
		{D014D6C8-A2EF-4E32-84D4-9EF104AE258A}.Debug|Any CPU.ActiveCfg = Debug|Any CPU
		{D014D6C8-A2EF-4E32-84D4-9EF104AE258A}.Debug|Any CPU.Build.0 = Debug|Any CPU
		{D014D6C8-A2EF-4E32-84D4-9EF104AE258A}.Release|Any CPU.ActiveCfg = Release|Any CPU
		{D014D6C8-A2EF-4E32-84D4-9EF104AE258A}.Release|Any CPU.Build.0 = Release|Any CPU
		{C6532BEC-B667-4EC4-99CD-D6E30B073C92}.Debug|Any CPU.ActiveCfg = Debug|Any CPU
		{C6532BEC-B667-4EC4-99CD-D6E30B073C92}.Debug|Any CPU.Build.0 = Debug|Any CPU
		{C6532BEC-B667-4EC4-99CD-D6E30B073C92}.Release|Any CPU.ActiveCfg = Release|Any CPU
		{C6532BEC-B667-4EC4-99CD-D6E30B073C92}.Release|Any CPU.Build.0 = Release|Any CPU
		{F6CE7D4E-8C92-44AB-9B11-1156BC33BCA7}.Debug|Any CPU.ActiveCfg = Debug|Any CPU
		{F6CE7D4E-8C92-44AB-9B11-1156BC33BCA7}.Debug|Any CPU.Build.0 = Debug|Any CPU
		{F6CE7D4E-8C92-44AB-9B11-1156BC33BCA7}.Release|Any CPU.ActiveCfg = Release|Any CPU
		{F6CE7D4E-8C92-44AB-9B11-1156BC33BCA7}.Release|Any CPU.Build.0 = Release|Any CPU
		{CEF76201-24E1-424F-A9B2-7E64F153BF42}.Debug|Any CPU.ActiveCfg = Debug|Any CPU
		{CEF76201-24E1-424F-A9B2-7E64F153BF42}.Debug|Any CPU.Build.0 = Debug|Any CPU
		{CEF76201-24E1-424F-A9B2-7E64F153BF42}.Release|Any CPU.ActiveCfg = Release|Any CPU
		{CEF76201-24E1-424F-A9B2-7E64F153BF42}.Release|Any CPU.Build.0 = Release|Any CPU
		{1F11D0E4-4BBA-4213-B4AA-75CD684D719F}.Debug|Any CPU.ActiveCfg = Debug|Any CPU
		{1F11D0E4-4BBA-4213-B4AA-75CD684D719F}.Debug|Any CPU.Build.0 = Debug|Any CPU
		{1F11D0E4-4BBA-4213-B4AA-75CD684D719F}.Release|Any CPU.ActiveCfg = Release|Any CPU
		{1F11D0E4-4BBA-4213-B4AA-75CD684D719F}.Release|Any CPU.Build.0 = Release|Any CPU
		{52E3E0F3-C2E0-450C-BCFC-8D1FAF5CECC5}.Debug|Any CPU.ActiveCfg = Debug|Any CPU
		{52E3E0F3-C2E0-450C-BCFC-8D1FAF5CECC5}.Debug|Any CPU.Build.0 = Debug|Any CPU
		{52E3E0F3-C2E0-450C-BCFC-8D1FAF5CECC5}.Release|Any CPU.ActiveCfg = Release|Any CPU
		{52E3E0F3-C2E0-450C-BCFC-8D1FAF5CECC5}.Release|Any CPU.Build.0 = Release|Any CPU
		{00E4616C-F7C6-4575-AF70-74CD60B64506}.Debug|Any CPU.ActiveCfg = Debug|Any CPU
		{00E4616C-F7C6-4575-AF70-74CD60B64506}.Debug|Any CPU.Build.0 = Debug|Any CPU
		{00E4616C-F7C6-4575-AF70-74CD60B64506}.Release|Any CPU.ActiveCfg = Release|Any CPU
		{00E4616C-F7C6-4575-AF70-74CD60B64506}.Release|Any CPU.Build.0 = Release|Any CPU
		{ADAC6FA7-5BF2-4592-9269-E8E1725A05D5}.Debug|Any CPU.ActiveCfg = Debug|Any CPU
		{ADAC6FA7-5BF2-4592-9269-E8E1725A05D5}.Debug|Any CPU.Build.0 = Debug|Any CPU
		{ADAC6FA7-5BF2-4592-9269-E8E1725A05D5}.Release|Any CPU.ActiveCfg = Release|Any CPU
		{ADAC6FA7-5BF2-4592-9269-E8E1725A05D5}.Release|Any CPU.Build.0 = Release|Any CPU
		{BC62E494-687E-44FF-857A-31D8E6772ED3}.Debug|Any CPU.ActiveCfg = Debug|Any CPU
		{BC62E494-687E-44FF-857A-31D8E6772ED3}.Debug|Any CPU.Build.0 = Debug|Any CPU
		{BC62E494-687E-44FF-857A-31D8E6772ED3}.Release|Any CPU.ActiveCfg = Release|Any CPU
		{BC62E494-687E-44FF-857A-31D8E6772ED3}.Release|Any CPU.Build.0 = Release|Any CPU
		{50C7CEDE-2A14-4854-89FF-E2D502D5EEA2}.Debug|Any CPU.ActiveCfg = Debug|Any CPU
		{50C7CEDE-2A14-4854-89FF-E2D502D5EEA2}.Debug|Any CPU.Build.0 = Debug|Any CPU
		{50C7CEDE-2A14-4854-89FF-E2D502D5EEA2}.Release|Any CPU.ActiveCfg = Release|Any CPU
		{50C7CEDE-2A14-4854-89FF-E2D502D5EEA2}.Release|Any CPU.Build.0 = Release|Any CPU
		{AB826FE4-6EEB-4944-BE40-64D2EA2BFA2D}.Debug|Any CPU.ActiveCfg = Debug|Any CPU
		{AB826FE4-6EEB-4944-BE40-64D2EA2BFA2D}.Debug|Any CPU.Build.0 = Debug|Any CPU
		{AB826FE4-6EEB-4944-BE40-64D2EA2BFA2D}.Release|Any CPU.ActiveCfg = Release|Any CPU
		{AB826FE4-6EEB-4944-BE40-64D2EA2BFA2D}.Release|Any CPU.Build.0 = Release|Any CPU
		{3B64F80E-EA8C-4D51-8457-A3FBBEEAA097}.Debug|Any CPU.ActiveCfg = Debug|Any CPU
		{3B64F80E-EA8C-4D51-8457-A3FBBEEAA097}.Debug|Any CPU.Build.0 = Debug|Any CPU
		{3B64F80E-EA8C-4D51-8457-A3FBBEEAA097}.Release|Any CPU.ActiveCfg = Release|Any CPU
		{3B64F80E-EA8C-4D51-8457-A3FBBEEAA097}.Release|Any CPU.Build.0 = Release|Any CPU
		{BD39CA15-A11B-4DCC-9AF1-871F7A88788E}.Debug|Any CPU.ActiveCfg = Debug|Any CPU
		{BD39CA15-A11B-4DCC-9AF1-871F7A88788E}.Debug|Any CPU.Build.0 = Debug|Any CPU
		{BD39CA15-A11B-4DCC-9AF1-871F7A88788E}.Release|Any CPU.ActiveCfg = Release|Any CPU
		{BD39CA15-A11B-4DCC-9AF1-871F7A88788E}.Release|Any CPU.Build.0 = Release|Any CPU
		{0872ABCC-6FC9-4CC8-8FC3-4ACFE2460D6D}.Debug|Any CPU.ActiveCfg = Debug|Any CPU
		{0872ABCC-6FC9-4CC8-8FC3-4ACFE2460D6D}.Debug|Any CPU.Build.0 = Debug|Any CPU
		{0872ABCC-6FC9-4CC8-8FC3-4ACFE2460D6D}.Release|Any CPU.ActiveCfg = Release|Any CPU
		{0872ABCC-6FC9-4CC8-8FC3-4ACFE2460D6D}.Release|Any CPU.Build.0 = Release|Any CPU
		{64CF1C38-368F-42B7-AEC9-DDAB47728048}.Debug|Any CPU.ActiveCfg = Debug|Any CPU
		{64CF1C38-368F-42B7-AEC9-DDAB47728048}.Debug|Any CPU.Build.0 = Debug|Any CPU
		{64CF1C38-368F-42B7-AEC9-DDAB47728048}.Release|Any CPU.ActiveCfg = Release|Any CPU
		{64CF1C38-368F-42B7-AEC9-DDAB47728048}.Release|Any CPU.Build.0 = Release|Any CPU
		{22A6F04A-6735-4A83-A3F6-8CDF95BB236B}.Debug|Any CPU.ActiveCfg = Debug|Any CPU
		{22A6F04A-6735-4A83-A3F6-8CDF95BB236B}.Debug|Any CPU.Build.0 = Debug|Any CPU
		{22A6F04A-6735-4A83-A3F6-8CDF95BB236B}.Release|Any CPU.ActiveCfg = Release|Any CPU
		{22A6F04A-6735-4A83-A3F6-8CDF95BB236B}.Release|Any CPU.Build.0 = Release|Any CPU
		{001B02E3-A278-4ECE-9960-4202D22D4AA4}.Debug|Any CPU.ActiveCfg = Debug|Any CPU
		{001B02E3-A278-4ECE-9960-4202D22D4AA4}.Debug|Any CPU.Build.0 = Debug|Any CPU
		{001B02E3-A278-4ECE-9960-4202D22D4AA4}.Release|Any CPU.ActiveCfg = Release|Any CPU
		{001B02E3-A278-4ECE-9960-4202D22D4AA4}.Release|Any CPU.Build.0 = Release|Any CPU
		{A2658CB6-6F91-458D-8E46-1B4B922DA684}.Debug|Any CPU.ActiveCfg = Debug|Any CPU
		{A2658CB6-6F91-458D-8E46-1B4B922DA684}.Debug|Any CPU.Build.0 = Debug|Any CPU
		{A2658CB6-6F91-458D-8E46-1B4B922DA684}.Release|Any CPU.ActiveCfg = Release|Any CPU
		{A2658CB6-6F91-458D-8E46-1B4B922DA684}.Release|Any CPU.Build.0 = Release|Any CPU
		{27786B9F-68F2-4F79-A15A-9DB5AB0F28A6}.Debug|Any CPU.ActiveCfg = Debug|Any CPU
		{27786B9F-68F2-4F79-A15A-9DB5AB0F28A6}.Debug|Any CPU.Build.0 = Debug|Any CPU
		{27786B9F-68F2-4F79-A15A-9DB5AB0F28A6}.Release|Any CPU.ActiveCfg = Release|Any CPU
		{27786B9F-68F2-4F79-A15A-9DB5AB0F28A6}.Release|Any CPU.Build.0 = Release|Any CPU
		{C56CFB6B-B834-47BA-B2C4-F34866861C3E}.Debug|Any CPU.ActiveCfg = Debug|Any CPU
		{C56CFB6B-B834-47BA-B2C4-F34866861C3E}.Debug|Any CPU.Build.0 = Debug|Any CPU
		{C56CFB6B-B834-47BA-B2C4-F34866861C3E}.Release|Any CPU.ActiveCfg = Release|Any CPU
		{C56CFB6B-B834-47BA-B2C4-F34866861C3E}.Release|Any CPU.Build.0 = Release|Any CPU
		{94E80CCF-F309-45B6-B2AE-7ED7AE21D769}.Debug|Any CPU.ActiveCfg = Debug|Any CPU
		{94E80CCF-F309-45B6-B2AE-7ED7AE21D769}.Debug|Any CPU.Build.0 = Debug|Any CPU
		{94E80CCF-F309-45B6-B2AE-7ED7AE21D769}.Release|Any CPU.ActiveCfg = Release|Any CPU
		{94E80CCF-F309-45B6-B2AE-7ED7AE21D769}.Release|Any CPU.Build.0 = Release|Any CPU
		{92A3C0FB-6BDE-4F19-BD42-49F81CF9FD47}.Debug|Any CPU.ActiveCfg = Debug|Any CPU
		{92A3C0FB-6BDE-4F19-BD42-49F81CF9FD47}.Debug|Any CPU.Build.0 = Debug|Any CPU
		{92A3C0FB-6BDE-4F19-BD42-49F81CF9FD47}.Release|Any CPU.ActiveCfg = Release|Any CPU
		{92A3C0FB-6BDE-4F19-BD42-49F81CF9FD47}.Release|Any CPU.Build.0 = Release|Any CPU
		{7ADC9C16-50A0-492E-B060-3D3535AA494D}.Debug|Any CPU.ActiveCfg = Debug|Any CPU
		{7ADC9C16-50A0-492E-B060-3D3535AA494D}.Debug|Any CPU.Build.0 = Debug|Any CPU
		{7ADC9C16-50A0-492E-B060-3D3535AA494D}.Release|Any CPU.ActiveCfg = Release|Any CPU
		{7ADC9C16-50A0-492E-B060-3D3535AA494D}.Release|Any CPU.Build.0 = Release|Any CPU
		{192FD0D1-C742-44BB-B39F-B924D722ED19}.Debug|Any CPU.ActiveCfg = Debug|Any CPU
		{192FD0D1-C742-44BB-B39F-B924D722ED19}.Debug|Any CPU.Build.0 = Debug|Any CPU
		{192FD0D1-C742-44BB-B39F-B924D722ED19}.Release|Any CPU.ActiveCfg = Release|Any CPU
		{192FD0D1-C742-44BB-B39F-B924D722ED19}.Release|Any CPU.Build.0 = Release|Any CPU
		{15BDBA01-B3A8-4BAA-B37A-511E177547EA}.Debug|Any CPU.ActiveCfg = Debug|Any CPU
		{15BDBA01-B3A8-4BAA-B37A-511E177547EA}.Debug|Any CPU.Build.0 = Debug|Any CPU
		{15BDBA01-B3A8-4BAA-B37A-511E177547EA}.Release|Any CPU.ActiveCfg = Release|Any CPU
		{15BDBA01-B3A8-4BAA-B37A-511E177547EA}.Release|Any CPU.Build.0 = Release|Any CPU
		{5BFBEFE0-C6D2-4C38-A228-DE0F6DE87357}.Debug|Any CPU.ActiveCfg = Debug|Any CPU
		{5BFBEFE0-C6D2-4C38-A228-DE0F6DE87357}.Debug|Any CPU.Build.0 = Debug|Any CPU
		{5BFBEFE0-C6D2-4C38-A228-DE0F6DE87357}.Release|Any CPU.ActiveCfg = Release|Any CPU
		{5BFBEFE0-C6D2-4C38-A228-DE0F6DE87357}.Release|Any CPU.Build.0 = Release|Any CPU
		{E76837C3-55E7-4E3C-9A3E-A439211C3CD4}.Debug|Any CPU.ActiveCfg = Debug|Any CPU
		{E76837C3-55E7-4E3C-9A3E-A439211C3CD4}.Debug|Any CPU.Build.0 = Debug|Any CPU
		{E76837C3-55E7-4E3C-9A3E-A439211C3CD4}.Release|Any CPU.ActiveCfg = Release|Any CPU
		{E76837C3-55E7-4E3C-9A3E-A439211C3CD4}.Release|Any CPU.Build.0 = Release|Any CPU
	EndGlobalSection
	GlobalSection(SolutionProperties) = preSolution
		HideSolutionNode = FALSE
	EndGlobalSection
	GlobalSection(ExtensibilityGlobals) = postSolution
		SolutionGuid = {49BF81E8-469F-43A1-9002-630FE7C988EE}
	EndGlobalSection
EndGlobal
